
Microsoft Visual Studio Solution File, Format Version 12.00
# Visual Studio Version 16
VisualStudioVersion = 16.0.30907.101
MinimumVisualStudioVersion = 10.0.40219.1
Project("{FAE04EC0-301F-11D3-BF4B-00C04F79EFBC}") = "EjemploProyectoNetCore2019", "EjemploProyectoNetCore2019\EjemploProyectoNetCore2019.csproj", "{74E6D0E0-3853-419C-A219-4C0CC51152EC}"
EndProject
Global
	GlobalSection(SolutionConfigurationPlatforms) = preSolution
		Debug|Any CPU = Debug|Any CPU
		Release|Any CPU = Release|Any CPU
	EndGlobalSection
	GlobalSection(ProjectConfigurationPlatforms) = postSolution
		{74E6D0E0-3853-419C-A219-4C0CC51152EC}.Debug|Any CPU.ActiveCfg = Debug|Any CPU
		{74E6D0E0-3853-419C-A219-4C0CC51152EC}.Debug|Any CPU.Build.0 = Debug|Any CPU
		{74E6D0E0-3853-419C-A219-4C0CC51152EC}.Release|Any CPU.ActiveCfg = Release|Any CPU
		{74E6D0E0-3853-419C-A219-4C0CC51152EC}.Release|Any CPU.Build.0 = Release|Any CPU
	EndGlobalSection
	GlobalSection(SolutionProperties) = preSolution
		HideSolutionNode = FALSE
	EndGlobalSection
	GlobalSection(ExtensibilityGlobals) = postSolution
		SolutionGuid = {6B632311-B809-44A5-A017-890FEFD0693F}
	EndGlobalSection
EndGlobal
