
Microsoft Visual Studio Solution File, Format Version 12.00
# Visual Studio Version 17
VisualStudioVersion = 17.7.34009.444
MinimumVisualStudioVersion = 10.0.40219.1
Project("{FAE04EC0-301F-11D3-BF4B-00C04F79EFBC}") = "EjemploNet6vs2022", "EjemploNet6vs2022\EjemploNet6vs2022.csproj", "{2550ECB9-0B96-4293-8AC5-F99CE7C6FA72}"
EndProject
Global
	GlobalSection(SolutionConfigurationPlatforms) = preSolution
		Debug|Any CPU = Debug|Any CPU
		Release|Any CPU = Release|Any CPU
	EndGlobalSection
	GlobalSection(ProjectConfigurationPlatforms) = postSolution
		{2550ECB9-0B96-4293-8AC5-F99CE7C6FA72}.Debug|Any CPU.ActiveCfg = Debug|Any CPU
		{2550ECB9-0B96-4293-8AC5-F99CE7C6FA72}.Debug|Any CPU.Build.0 = Debug|Any CPU
		{2550ECB9-0B96-4293-8AC5-F99CE7C6FA72}.Release|Any CPU.ActiveCfg = Release|Any CPU
		{2550ECB9-0B96-4293-8AC5-F99CE7C6FA72}.Release|Any CPU.Build.0 = Release|Any CPU
	EndGlobalSection
	GlobalSection(SolutionProperties) = preSolution
		HideSolutionNode = FALSE
	EndGlobalSection
	GlobalSection(ExtensibilityGlobals) = postSolution
		SolutionGuid = {1B6E5144-C33B-4AF7-A74C-E1F603F039F6}
	EndGlobalSection
EndGlobal
