
Microsoft Visual Studio Solution File, Format Version 12.00
# Visual Studio Version 16
VisualStudioVersion = 16.0.30907.101
MinimumVisualStudioVersion = 10.0.40219.1
Project("{FAE04EC0-301F-11D3-BF4B-00C04F79EFBC}") = "EjemploConsolaNetFramework", "EjemploConsolaNetFramework\EjemploConsolaNetFramework.csproj", "{6F314AEC-8F82-4556-8359-45036D8A7ECB}"
EndProject
Global
	GlobalSection(SolutionConfigurationPlatforms) = preSolution
		Debug|Any CPU = Debug|Any CPU
		Release|Any CPU = Release|Any CPU
	EndGlobalSection
	GlobalSection(ProjectConfigurationPlatforms) = postSolution
		{6F314AEC-8F82-4556-8359-45036D8A7ECB}.Debug|Any CPU.ActiveCfg = Debug|Any CPU
		{6F314AEC-8F82-4556-8359-45036D8A7ECB}.Debug|Any CPU.Build.0 = Debug|Any CPU
		{6F314AEC-8F82-4556-8359-45036D8A7ECB}.Release|Any CPU.ActiveCfg = Release|Any CPU
		{6F314AEC-8F82-4556-8359-45036D8A7ECB}.Release|Any CPU.Build.0 = Release|Any CPU
	EndGlobalSection
	GlobalSection(SolutionProperties) = preSolution
		HideSolutionNode = FALSE
	EndGlobalSection
	GlobalSection(ExtensibilityGlobals) = postSolution
		SolutionGuid = {76E03064-21E9-4B6F-A73B-6161C9534152}
	EndGlobalSection
EndGlobal
