
Microsoft Visual Studio Solution File, Format Version 12.00
# Visual Studio Version 17
VisualStudioVersion = 17.7.34009.444
MinimumVisualStudioVersion = 10.0.40219.1
Project("{FAE04EC0-301F-11D3-BF4B-00C04F79EFBC}") = "CursoCSharp_1_Metodos", "CursoCSharp_1_Metodos\CursoCSharp_1_Metodos.csproj", "{C054CC30-9A74-4DDD-A6F0-F28E024F43B9}"
EndProject
Project("{FAE04EC0-301F-11D3-BF4B-00C04F79EFBC}") = "CursoCSharp_2_Funciones", "CursoCSharp_2_Funciones\CursoCSharp_2_Funciones.csproj", "{548B1A51-548C-45CE-8459-BC8F5FF2D54D}"
EndProject
Project("{FAE04EC0-301F-11D3-BF4B-00C04F79EFBC}") = "CursoCSharp_3_Paso_valor_referencia", "CursoCSharp_3_Paso_valor_referencia\CursoCSharp_3_Paso_valor_referencia.csproj", "{7BC63461-8D4D-48F7-A14B-037DE7407264}"
EndProject
Project("{FAE04EC0-301F-11D3-BF4B-00C04F79EFBC}") = "CursoCSharp_4_Funcion_locales", "CursoCSharp_4_Funcion_locales\CursoCSharp_4_Funcion_locales.csproj", "{B98C8B58-0C2D-4EFA-B6FF-59D1AFDE90D0}"
EndProject
Project("{FAE04EC0-301F-11D3-BF4B-00C04F79EFBC}") = "CursoCSharp_5_Ejemplo_funciones", "CursoCSharp_4_Ejemplo_funciones\CursoCSharp_5_Ejemplo_funciones.csproj", "{E81C0548-34DD-4273-B4D2-8D7AFF2297EC}"
EndProject
Global
	GlobalSection(SolutionConfigurationPlatforms) = preSolution
		Debug|Any CPU = Debug|Any CPU
		Release|Any CPU = Release|Any CPU
	EndGlobalSection
	GlobalSection(ProjectConfigurationPlatforms) = postSolution
		{C054CC30-9A74-4DDD-A6F0-F28E024F43B9}.Debug|Any CPU.ActiveCfg = Debug|Any CPU
		{C054CC30-9A74-4DDD-A6F0-F28E024F43B9}.Debug|Any CPU.Build.0 = Debug|Any CPU
		{C054CC30-9A74-4DDD-A6F0-F28E024F43B9}.Release|Any CPU.ActiveCfg = Release|Any CPU
		{C054CC30-9A74-4DDD-A6F0-F28E024F43B9}.Release|Any CPU.Build.0 = Release|Any CPU
		{548B1A51-548C-45CE-8459-BC8F5FF2D54D}.Debug|Any CPU.ActiveCfg = Debug|Any CPU
		{548B1A51-548C-45CE-8459-BC8F5FF2D54D}.Debug|Any CPU.Build.0 = Debug|Any CPU
		{548B1A51-548C-45CE-8459-BC8F5FF2D54D}.Release|Any CPU.ActiveCfg = Release|Any CPU
		{548B1A51-548C-45CE-8459-BC8F5FF2D54D}.Release|Any CPU.Build.0 = Release|Any CPU
		{7BC63461-8D4D-48F7-A14B-037DE7407264}.Debug|Any CPU.ActiveCfg = Debug|Any CPU
		{7BC63461-8D4D-48F7-A14B-037DE7407264}.Debug|Any CPU.Build.0 = Debug|Any CPU
		{7BC63461-8D4D-48F7-A14B-037DE7407264}.Release|Any CPU.ActiveCfg = Release|Any CPU
		{7BC63461-8D4D-48F7-A14B-037DE7407264}.Release|Any CPU.Build.0 = Release|Any CPU
		{B98C8B58-0C2D-4EFA-B6FF-59D1AFDE90D0}.Debug|Any CPU.ActiveCfg = Debug|Any CPU
		{B98C8B58-0C2D-4EFA-B6FF-59D1AFDE90D0}.Debug|Any CPU.Build.0 = Debug|Any CPU
		{B98C8B58-0C2D-4EFA-B6FF-59D1AFDE90D0}.Release|Any CPU.ActiveCfg = Release|Any CPU
		{B98C8B58-0C2D-4EFA-B6FF-59D1AFDE90D0}.Release|Any CPU.Build.0 = Release|Any CPU
		{E81C0548-34DD-4273-B4D2-8D7AFF2297EC}.Debug|Any CPU.ActiveCfg = Debug|Any CPU
		{E81C0548-34DD-4273-B4D2-8D7AFF2297EC}.Debug|Any CPU.Build.0 = Debug|Any CPU
		{E81C0548-34DD-4273-B4D2-8D7AFF2297EC}.Release|Any CPU.ActiveCfg = Release|Any CPU
		{E81C0548-34DD-4273-B4D2-8D7AFF2297EC}.Release|Any CPU.Build.0 = Release|Any CPU
	EndGlobalSection
	GlobalSection(SolutionProperties) = preSolution
		HideSolutionNode = FALSE
	EndGlobalSection
	GlobalSection(ExtensibilityGlobals) = postSolution
		SolutionGuid = {0E8270C0-4EB6-4FDD-A8C6-1786D149F6E2}
	EndGlobalSection
EndGlobal
