
Microsoft Visual Studio Solution File, Format Version 12.00
# Visual Studio Version 17
VisualStudioVersion = 17.7.34009.444
MinimumVisualStudioVersion = 10.0.40219.1
Project("{9A19103F-16F7-4668-BE54-9A1E7A4F7556}") = "CursoCSharp_2_Variables", "Variables\CursoCSharp_2_Variables.csproj", "{1D10AAC5-0368-4CF7-B3BA-A512A686E578}"
EndProject
Project("{9A19103F-16F7-4668-BE54-9A1E7A4F7556}") = "CursoCSharp_3_Nomeclatura", "CursoCSharp_3_nomeclatura\CursoCSharp_3_Nomeclatura.csproj", "{2E4C95B6-CD6D-4178-95DD-1CBBE8F9595C}"
EndProject
Project("{9A19103F-16F7-4668-BE54-9A1E7A4F7556}") = "CursoCSharp_4_Contantes", "CurCSarp_4_Contantes\CursoCSharp_4_Contantes.csproj", "{9DCF13A3-414C-47FD-BCC6-45A6387092D4}"
EndProject
Project("{9A19103F-16F7-4668-BE54-9A1E7A4F7556}") = "CursoCSharp_5_if_else", "CursoCSharp_5_if_else\CursoCSharp_5_if_else.csproj", "{147A7B0E-FF52-4ACE-B5DA-FC3531E94AFE}"
EndProject
Project("{9A19103F-16F7-4668-BE54-9A1E7A4F7556}") = "CursoCSharp_6_switch", "CursoCSharp_6_switch\CursoCSharp_6_switch.csproj", "{736E0A04-DED9-48D7-AD2D-4E627DE0DF0A}"
EndProject
Project("{9A19103F-16F7-4668-BE54-9A1E7A4F7556}") = "CursoCSharp_7_do", "CursoCSharp_7_do\CursoCSharp_7_do.csproj", "{3779736C-07BE-4E89-9DB3-805359A9A4B5}"
EndProject
Project("{9A19103F-16F7-4668-BE54-9A1E7A4F7556}") = "CursoCSharp_8_while", "CursoCSharp_8_while\CursoCSharp_8_while.csproj", "{96BA596C-31A9-44FF-8254-3C85D34BD4E6}"
EndProject
Project("{9A19103F-16F7-4668-BE54-9A1E7A4F7556}") = "CursoCSharp_9_for", "CursoCSharp_9_for\CursoCSharp_9_for.csproj", "{54992F5A-CA5C-4782-965A-F53FC6D37783}"
EndProject
Project("{9A19103F-16F7-4668-BE54-9A1E7A4F7556}") = "CursoCsharp_10_foreach", "CursoCsharp_10_foreach\CursoCsharp_10_foreach.csproj", "{073663D7-4B46-4ED6-A257-C32935EE9AC6}"
EndProject
Project("{9A19103F-16F7-4668-BE54-9A1E7A4F7556}") = "CursoCSharp_11_leyendo_argumento", "CursoCSharp_11_leyendo_argumento\CursoCSharp_11_leyendo_argumento.csproj", "{7CBD8569-AB30-42C8-813A-B25193875648}"
EndProject
Project("{9A19103F-16F7-4668-BE54-9A1E7A4F7556}") = "CursoCSharp_12_arrays", "CursoCSharp_12_arrays\CursoCSharp_12_arrays.csproj", "{3D282495-97ED-481A-A1DD-7CBEBCF89A24}"
EndProject
Project("{FAE04EC0-301F-11D3-BF4B-00C04F79EFBC}") = "CursoCSharp_13_conversiones_tipo", "CursoCSharp_13_conversiones_tipo\CursoCSharp_13_conversiones_tipo.csproj", "{C791A872-D510-435F-95CD-15EC75B0306D}"
EndProject
Global
	GlobalSection(SolutionConfigurationPlatforms) = preSolution
		Debug|Any CPU = Debug|Any CPU
		Release|Any CPU = Release|Any CPU
	EndGlobalSection
	GlobalSection(ProjectConfigurationPlatforms) = postSolution
		{1D10AAC5-0368-4CF7-B3BA-A512A686E578}.Debug|Any CPU.ActiveCfg = Debug|Any CPU
		{1D10AAC5-0368-4CF7-B3BA-A512A686E578}.Debug|Any CPU.Build.0 = Debug|Any CPU
		{1D10AAC5-0368-4CF7-B3BA-A512A686E578}.Release|Any CPU.ActiveCfg = Release|Any CPU
		{1D10AAC5-0368-4CF7-B3BA-A512A686E578}.Release|Any CPU.Build.0 = Release|Any CPU
		{2E4C95B6-CD6D-4178-95DD-1CBBE8F9595C}.Debug|Any CPU.ActiveCfg = Debug|Any CPU
		{2E4C95B6-CD6D-4178-95DD-1CBBE8F9595C}.Debug|Any CPU.Build.0 = Debug|Any CPU
		{2E4C95B6-CD6D-4178-95DD-1CBBE8F9595C}.Release|Any CPU.ActiveCfg = Release|Any CPU
		{2E4C95B6-CD6D-4178-95DD-1CBBE8F9595C}.Release|Any CPU.Build.0 = Release|Any CPU
		{9DCF13A3-414C-47FD-BCC6-45A6387092D4}.Debug|Any CPU.ActiveCfg = Debug|Any CPU
		{9DCF13A3-414C-47FD-BCC6-45A6387092D4}.Debug|Any CPU.Build.0 = Debug|Any CPU
		{9DCF13A3-414C-47FD-BCC6-45A6387092D4}.Release|Any CPU.ActiveCfg = Release|Any CPU
		{9DCF13A3-414C-47FD-BCC6-45A6387092D4}.Release|Any CPU.Build.0 = Release|Any CPU
		{147A7B0E-FF52-4ACE-B5DA-FC3531E94AFE}.Debug|Any CPU.ActiveCfg = Debug|Any CPU
		{147A7B0E-FF52-4ACE-B5DA-FC3531E94AFE}.Debug|Any CPU.Build.0 = Debug|Any CPU
		{147A7B0E-FF52-4ACE-B5DA-FC3531E94AFE}.Release|Any CPU.ActiveCfg = Release|Any CPU
		{147A7B0E-FF52-4ACE-B5DA-FC3531E94AFE}.Release|Any CPU.Build.0 = Release|Any CPU
		{736E0A04-DED9-48D7-AD2D-4E627DE0DF0A}.Debug|Any CPU.ActiveCfg = Debug|Any CPU
		{736E0A04-DED9-48D7-AD2D-4E627DE0DF0A}.Debug|Any CPU.Build.0 = Debug|Any CPU
		{736E0A04-DED9-48D7-AD2D-4E627DE0DF0A}.Release|Any CPU.ActiveCfg = Release|Any CPU
		{736E0A04-DED9-48D7-AD2D-4E627DE0DF0A}.Release|Any CPU.Build.0 = Release|Any CPU
		{3779736C-07BE-4E89-9DB3-805359A9A4B5}.Debug|Any CPU.ActiveCfg = Debug|Any CPU
		{3779736C-07BE-4E89-9DB3-805359A9A4B5}.Debug|Any CPU.Build.0 = Debug|Any CPU
		{3779736C-07BE-4E89-9DB3-805359A9A4B5}.Release|Any CPU.ActiveCfg = Release|Any CPU
		{3779736C-07BE-4E89-9DB3-805359A9A4B5}.Release|Any CPU.Build.0 = Release|Any CPU
		{96BA596C-31A9-44FF-8254-3C85D34BD4E6}.Debug|Any CPU.ActiveCfg = Debug|Any CPU
		{96BA596C-31A9-44FF-8254-3C85D34BD4E6}.Debug|Any CPU.Build.0 = Debug|Any CPU
		{96BA596C-31A9-44FF-8254-3C85D34BD4E6}.Release|Any CPU.ActiveCfg = Release|Any CPU
		{96BA596C-31A9-44FF-8254-3C85D34BD4E6}.Release|Any CPU.Build.0 = Release|Any CPU
		{54992F5A-CA5C-4782-965A-F53FC6D37783}.Debug|Any CPU.ActiveCfg = Debug|Any CPU
		{54992F5A-CA5C-4782-965A-F53FC6D37783}.Debug|Any CPU.Build.0 = Debug|Any CPU
		{54992F5A-CA5C-4782-965A-F53FC6D37783}.Release|Any CPU.ActiveCfg = Release|Any CPU
		{54992F5A-CA5C-4782-965A-F53FC6D37783}.Release|Any CPU.Build.0 = Release|Any CPU
		{073663D7-4B46-4ED6-A257-C32935EE9AC6}.Debug|Any CPU.ActiveCfg = Debug|Any CPU
		{073663D7-4B46-4ED6-A257-C32935EE9AC6}.Debug|Any CPU.Build.0 = Debug|Any CPU
		{073663D7-4B46-4ED6-A257-C32935EE9AC6}.Release|Any CPU.ActiveCfg = Release|Any CPU
		{073663D7-4B46-4ED6-A257-C32935EE9AC6}.Release|Any CPU.Build.0 = Release|Any CPU
		{7CBD8569-AB30-42C8-813A-B25193875648}.Debug|Any CPU.ActiveCfg = Debug|Any CPU
		{7CBD8569-AB30-42C8-813A-B25193875648}.Debug|Any CPU.Build.0 = Debug|Any CPU
		{7CBD8569-AB30-42C8-813A-B25193875648}.Release|Any CPU.ActiveCfg = Release|Any CPU
		{7CBD8569-AB30-42C8-813A-B25193875648}.Release|Any CPU.Build.0 = Release|Any CPU
		{3D282495-97ED-481A-A1DD-7CBEBCF89A24}.Debug|Any CPU.ActiveCfg = Debug|Any CPU
		{3D282495-97ED-481A-A1DD-7CBEBCF89A24}.Debug|Any CPU.Build.0 = Debug|Any CPU
		{3D282495-97ED-481A-A1DD-7CBEBCF89A24}.Release|Any CPU.ActiveCfg = Release|Any CPU
		{3D282495-97ED-481A-A1DD-7CBEBCF89A24}.Release|Any CPU.Build.0 = Release|Any CPU
		{C791A872-D510-435F-95CD-15EC75B0306D}.Debug|Any CPU.ActiveCfg = Debug|Any CPU
		{C791A872-D510-435F-95CD-15EC75B0306D}.Debug|Any CPU.Build.0 = Debug|Any CPU
		{C791A872-D510-435F-95CD-15EC75B0306D}.Release|Any CPU.ActiveCfg = Release|Any CPU
		{C791A872-D510-435F-95CD-15EC75B0306D}.Release|Any CPU.Build.0 = Release|Any CPU
	EndGlobalSection
	GlobalSection(SolutionProperties) = preSolution
		HideSolutionNode = FALSE
	EndGlobalSection
	GlobalSection(ExtensibilityGlobals) = postSolution
		SolutionGuid = {28629E34-204F-4F77-B696-4ED7ADEB6F64}
	EndGlobalSection
EndGlobal
