
Microsoft Visual Studio Solution File, Format Version 12.00
# Visual Studio Version 17
VisualStudioVersion = 17.7.34009.444
MinimumVisualStudioVersion = 10.0.40219.1
Project("{FAE04EC0-301F-11D3-BF4B-00C04F79EFBC}") = "CursoCSharp_1_clase_objectos", "CursoCSharp_1_clase_objectos\CursoCSharp_1_clase_objectos.csproj", "{388B3518-D252-4699-B648-D3420517AC4C}"
EndProject
Project("{FAE04EC0-301F-11D3-BF4B-00C04F79EFBC}") = "CursoCSharp_2_abstraccion", "CursoCSharp_2_abstraccion\CursoCSharp_2_abstraccion.csproj", "{C7BB19B7-83F0-40E6-B5B7-8AAECB704D46}"
EndProject
Project("{FAE04EC0-301F-11D3-BF4B-00C04F79EFBC}") = "CursoCSharp_3_encapsulacion", "CursoCSharp_3_encapsulacion\CursoCSharp_3_encapsulacion.csproj", "{28640917-24AE-4D8F-8C14-B8487B319EC9}"
EndProject
Project("{FAE04EC0-301F-11D3-BF4B-00C04F79EFBC}") = "CursoCSharp_4_herencia", "CursoCSharp_4_herencia\CursoCSharp_4_herencia.csproj", "{5AF28B1F-11D6-4028-8551-79D41F309A34}"
EndProject
Project("{FAE04EC0-301F-11D3-BF4B-00C04F79EFBC}") = "CursoCSharp_5_poliformismo", "CursoCSharp_5_poliformismo\CursoCSharp_5_poliformismo.csproj", "{BC4FD06A-8C08-4CF5-8BB0-FC4DE48C9FC2}"
EndProject
Global
	GlobalSection(SolutionConfigurationPlatforms) = preSolution
		Debug|Any CPU = Debug|Any CPU
		Release|Any CPU = Release|Any CPU
	EndGlobalSection
	GlobalSection(ProjectConfigurationPlatforms) = postSolution
		{388B3518-D252-4699-B648-D3420517AC4C}.Debug|Any CPU.ActiveCfg = Debug|Any CPU
		{388B3518-D252-4699-B648-D3420517AC4C}.Debug|Any CPU.Build.0 = Debug|Any CPU
		{388B3518-D252-4699-B648-D3420517AC4C}.Release|Any CPU.ActiveCfg = Release|Any CPU
		{388B3518-D252-4699-B648-D3420517AC4C}.Release|Any CPU.Build.0 = Release|Any CPU
		{C7BB19B7-83F0-40E6-B5B7-8AAECB704D46}.Debug|Any CPU.ActiveCfg = Debug|Any CPU
		{C7BB19B7-83F0-40E6-B5B7-8AAECB704D46}.Debug|Any CPU.Build.0 = Debug|Any CPU
		{C7BB19B7-83F0-40E6-B5B7-8AAECB704D46}.Release|Any CPU.ActiveCfg = Release|Any CPU
		{C7BB19B7-83F0-40E6-B5B7-8AAECB704D46}.Release|Any CPU.Build.0 = Release|Any CPU
		{28640917-24AE-4D8F-8C14-B8487B319EC9}.Debug|Any CPU.ActiveCfg = Debug|Any CPU
		{28640917-24AE-4D8F-8C14-B8487B319EC9}.Debug|Any CPU.Build.0 = Debug|Any CPU
		{28640917-24AE-4D8F-8C14-B8487B319EC9}.Release|Any CPU.ActiveCfg = Release|Any CPU
		{28640917-24AE-4D8F-8C14-B8487B319EC9}.Release|Any CPU.Build.0 = Release|Any CPU
		{5AF28B1F-11D6-4028-8551-79D41F309A34}.Debug|Any CPU.ActiveCfg = Debug|Any CPU
		{5AF28B1F-11D6-4028-8551-79D41F309A34}.Debug|Any CPU.Build.0 = Debug|Any CPU
		{5AF28B1F-11D6-4028-8551-79D41F309A34}.Release|Any CPU.ActiveCfg = Release|Any CPU
		{5AF28B1F-11D6-4028-8551-79D41F309A34}.Release|Any CPU.Build.0 = Release|Any CPU
		{BC4FD06A-8C08-4CF5-8BB0-FC4DE48C9FC2}.Debug|Any CPU.ActiveCfg = Debug|Any CPU
		{BC4FD06A-8C08-4CF5-8BB0-FC4DE48C9FC2}.Debug|Any CPU.Build.0 = Debug|Any CPU
		{BC4FD06A-8C08-4CF5-8BB0-FC4DE48C9FC2}.Release|Any CPU.ActiveCfg = Release|Any CPU
		{BC4FD06A-8C08-4CF5-8BB0-FC4DE48C9FC2}.Release|Any CPU.Build.0 = Release|Any CPU
	EndGlobalSection
	GlobalSection(SolutionProperties) = preSolution
		HideSolutionNode = FALSE
	EndGlobalSection
	GlobalSection(ExtensibilityGlobals) = postSolution
		SolutionGuid = {6C7C816F-6353-4F19-8CBF-5DA8A35E7C0E}
	EndGlobalSection
EndGlobal
