
Microsoft Visual Studio Solution File, Format Version 12.00
# Visual Studio Version 17
VisualStudioVersion = 17.7.34009.444
MinimumVisualStudioVersion = 10.0.40219.1
Project("{FAE04EC0-301F-11D3-BF4B-00C04F79EFBC}") = "EjercicioCuatro", "EjercicioCuatro\EjercicioCuatro.csproj", "{0BABCDEA-CE09-4EC8-9E91-54A9C708424F}"
EndProject
Global
	GlobalSection(SolutionConfigurationPlatforms) = preSolution
		Debug|Any CPU = Debug|Any CPU
		Release|Any CPU = Release|Any CPU
	EndGlobalSection
	GlobalSection(ProjectConfigurationPlatforms) = postSolution
		{0BABCDEA-CE09-4EC8-9E91-54A9C708424F}.Debug|Any CPU.ActiveCfg = Debug|Any CPU
		{0BABCDEA-CE09-4EC8-9E91-54A9C708424F}.Debug|Any CPU.Build.0 = Debug|Any CPU
		{0BABCDEA-CE09-4EC8-9E91-54A9C708424F}.Release|Any CPU.ActiveCfg = Release|Any CPU
		{0BABCDEA-CE09-4EC8-9E91-54A9C708424F}.Release|Any CPU.Build.0 = Release|Any CPU
	EndGlobalSection
	GlobalSection(SolutionProperties) = preSolution
		HideSolutionNode = FALSE
	EndGlobalSection
	GlobalSection(ExtensibilityGlobals) = postSolution
		SolutionGuid = {B55ACD91-344B-4BC8-9CE5-2D36875223C8}
	EndGlobalSection
EndGlobal
