
Microsoft Visual Studio Solution File, Format Version 12.00
# Visual Studio Version 17
VisualStudioVersion = 17.7.34009.444
MinimumVisualStudioVersion = 10.0.40219.1
Project("{9A19103F-16F7-4668-BE54-9A1E7A4F7556}") = "Ejercicio_Uno_", "Ejercicio_Uno_\Ejercicio_Uno_.csproj", "{187E45A5-D529-4ABA-9447-C8A4BD3C51FC}"
EndProject
Project("{9A19103F-16F7-4668-BE54-9A1E7A4F7556}") = "Ejercicio_Dos_", "Ejercicio_Dos_\Ejercicio_Dos_.csproj", "{64DB0667-DEDB-451D-84AC-042BD072DBC9}"
EndProject
Project("{9A19103F-16F7-4668-BE54-9A1E7A4F7556}") = "Ejercicio_Tres_", "Ejercicio_Tres_\Ejercicio_Tres_.csproj", "{D8D8F25E-10BF-4715-811F-38336EAFC688}"
EndProject
Project("{FAE04EC0-301F-11D3-BF4B-00C04F79EFBC}") = "Ejercicio_Cuatro", "Ejercicio_Cuatro\Ejercicio_Cuatro.csproj", "{3CED790D-08F7-4433-A8EB-6FA7027BECB7}"
EndProject
Global
	GlobalSection(SolutionConfigurationPlatforms) = preSolution
		Debug|Any CPU = Debug|Any CPU
		Release|Any CPU = Release|Any CPU
	EndGlobalSection
	GlobalSection(ProjectConfigurationPlatforms) = postSolution
		{187E45A5-D529-4ABA-9447-C8A4BD3C51FC}.Debug|Any CPU.ActiveCfg = Debug|Any CPU
		{187E45A5-D529-4ABA-9447-C8A4BD3C51FC}.Debug|Any CPU.Build.0 = Debug|Any CPU
		{187E45A5-D529-4ABA-9447-C8A4BD3C51FC}.Release|Any CPU.ActiveCfg = Release|Any CPU
		{187E45A5-D529-4ABA-9447-C8A4BD3C51FC}.Release|Any CPU.Build.0 = Release|Any CPU
		{64DB0667-DEDB-451D-84AC-042BD072DBC9}.Debug|Any CPU.ActiveCfg = Debug|Any CPU
		{64DB0667-DEDB-451D-84AC-042BD072DBC9}.Debug|Any CPU.Build.0 = Debug|Any CPU
		{64DB0667-DEDB-451D-84AC-042BD072DBC9}.Release|Any CPU.ActiveCfg = Release|Any CPU
		{64DB0667-DEDB-451D-84AC-042BD072DBC9}.Release|Any CPU.Build.0 = Release|Any CPU
		{D8D8F25E-10BF-4715-811F-38336EAFC688}.Debug|Any CPU.ActiveCfg = Debug|Any CPU
		{D8D8F25E-10BF-4715-811F-38336EAFC688}.Debug|Any CPU.Build.0 = Debug|Any CPU
		{D8D8F25E-10BF-4715-811F-38336EAFC688}.Release|Any CPU.ActiveCfg = Release|Any CPU
		{D8D8F25E-10BF-4715-811F-38336EAFC688}.Release|Any CPU.Build.0 = Release|Any CPU
		{3CED790D-08F7-4433-A8EB-6FA7027BECB7}.Debug|Any CPU.ActiveCfg = Debug|Any CPU
		{3CED790D-08F7-4433-A8EB-6FA7027BECB7}.Debug|Any CPU.Build.0 = Debug|Any CPU
		{3CED790D-08F7-4433-A8EB-6FA7027BECB7}.Release|Any CPU.ActiveCfg = Release|Any CPU
		{3CED790D-08F7-4433-A8EB-6FA7027BECB7}.Release|Any CPU.Build.0 = Release|Any CPU
	EndGlobalSection
	GlobalSection(SolutionProperties) = preSolution
		HideSolutionNode = FALSE
	EndGlobalSection
	GlobalSection(ExtensibilityGlobals) = postSolution
		SolutionGuid = {A9E3B9F3-EE46-4062-9A9F-6848DE691420}
	EndGlobalSection
EndGlobal
