
Microsoft Visual Studio Solution File, Format Version 12.00
# Visual Studio Version 17
VisualStudioVersion = 17.7.34009.444
MinimumVisualStudioVersion = 10.0.40219.1
Project("{9A19103F-16F7-4668-BE54-9A1E7A4F7556}") = "CursoCSharp_1_cadenas", "CursoCSharp_1_cadenas\CursoCSharp_1_cadenas.csproj", "{DC6E50A9-E79A-47C1-9B34-D33DEA52431A}"
EndProject
Project("{9A19103F-16F7-4668-BE54-9A1E7A4F7556}") = "CursoCSharp_2_fechas", "CursoCSharp_2_fechas\CursoCSharp_2_fechas.csproj", "{8ED099DF-BE05-412A-8656-04F6BA874537}"
EndProject
Project("{9A19103F-16F7-4668-BE54-9A1E7A4F7556}") = "CursoCSharp_3_concatenar_cadena", "CursoCSharp_3_concatenar_cadena\CursoCSharp_3_concatenar_cadena.csproj", "{0645F7B0-1981-4257-B0A5-89B3EFA5B49B}"
EndProject
Project("{FAE04EC0-301F-11D3-BF4B-00C04F79EFBC}") = "CursoCSharp_4_stringbuilder", "CursoCSharp_4_stringbuilder\CursoCSharp_4_stringbuilder.csproj", "{BED10685-9DAE-4D4D-B665-7064913AE535}"
EndProject
Project("{FAE04EC0-301F-11D3-BF4B-00C04F79EFBC}") = "CursoCSharp_5_operaciones_cadenas", "CursoCSharp_5_operaciones_cadenas\CursoCSharp_5_operaciones_cadenas.csproj", "{E5A24C27-D5F6-482D-9774-94C54B65681D}"
EndProject
Global
	GlobalSection(SolutionConfigurationPlatforms) = preSolution
		Debug|Any CPU = Debug|Any CPU
		Release|Any CPU = Release|Any CPU
	EndGlobalSection
	GlobalSection(ProjectConfigurationPlatforms) = postSolution
		{DC6E50A9-E79A-47C1-9B34-D33DEA52431A}.Debug|Any CPU.ActiveCfg = Debug|Any CPU
		{DC6E50A9-E79A-47C1-9B34-D33DEA52431A}.Debug|Any CPU.Build.0 = Debug|Any CPU
		{DC6E50A9-E79A-47C1-9B34-D33DEA52431A}.Release|Any CPU.ActiveCfg = Release|Any CPU
		{DC6E50A9-E79A-47C1-9B34-D33DEA52431A}.Release|Any CPU.Build.0 = Release|Any CPU
		{8ED099DF-BE05-412A-8656-04F6BA874537}.Debug|Any CPU.ActiveCfg = Debug|Any CPU
		{8ED099DF-BE05-412A-8656-04F6BA874537}.Debug|Any CPU.Build.0 = Debug|Any CPU
		{8ED099DF-BE05-412A-8656-04F6BA874537}.Release|Any CPU.ActiveCfg = Release|Any CPU
		{8ED099DF-BE05-412A-8656-04F6BA874537}.Release|Any CPU.Build.0 = Release|Any CPU
		{0645F7B0-1981-4257-B0A5-89B3EFA5B49B}.Debug|Any CPU.ActiveCfg = Debug|Any CPU
		{0645F7B0-1981-4257-B0A5-89B3EFA5B49B}.Debug|Any CPU.Build.0 = Debug|Any CPU
		{0645F7B0-1981-4257-B0A5-89B3EFA5B49B}.Release|Any CPU.ActiveCfg = Release|Any CPU
		{0645F7B0-1981-4257-B0A5-89B3EFA5B49B}.Release|Any CPU.Build.0 = Release|Any CPU
		{BED10685-9DAE-4D4D-B665-7064913AE535}.Debug|Any CPU.ActiveCfg = Debug|Any CPU
		{BED10685-9DAE-4D4D-B665-7064913AE535}.Debug|Any CPU.Build.0 = Debug|Any CPU
		{BED10685-9DAE-4D4D-B665-7064913AE535}.Release|Any CPU.ActiveCfg = Release|Any CPU
		{BED10685-9DAE-4D4D-B665-7064913AE535}.Release|Any CPU.Build.0 = Release|Any CPU
		{E5A24C27-D5F6-482D-9774-94C54B65681D}.Debug|Any CPU.ActiveCfg = Debug|Any CPU
		{E5A24C27-D5F6-482D-9774-94C54B65681D}.Debug|Any CPU.Build.0 = Debug|Any CPU
		{E5A24C27-D5F6-482D-9774-94C54B65681D}.Release|Any CPU.ActiveCfg = Release|Any CPU
		{E5A24C27-D5F6-482D-9774-94C54B65681D}.Release|Any CPU.Build.0 = Release|Any CPU
	EndGlobalSection
	GlobalSection(SolutionProperties) = preSolution
		HideSolutionNode = FALSE
	EndGlobalSection
	GlobalSection(ExtensibilityGlobals) = postSolution
		SolutionGuid = {C72DD509-1048-480D-AB78-319C373D44AE}
	EndGlobalSection
EndGlobal
